
Microsoft Visual Studio Solution File, Format Version 12.00
Project("{FAE04EC0-301F-11D3-BF4B-00C04F79EFBC}") = "Mealthy", "Mealthy\Mealthy.csproj", "{782EA77F-A08B-4BA0-8181-BFE525C14C8A}"
EndProject
Global
	GlobalSection(SolutionConfigurationPlatforms) = preSolution
		Debug|Any CPU = Debug|Any CPU
		Release|Any CPU = Release|Any CPU
	EndGlobalSection
	GlobalSection(ProjectConfigurationPlatforms) = postSolution
		{782EA77F-A08B-4BA0-8181-BFE525C14C8A}.Debug|Any CPU.ActiveCfg = Debug|Any CPU
		{782EA77F-A08B-4BA0-8181-BFE525C14C8A}.Debug|Any CPU.Build.0 = Debug|Any CPU
		{782EA77F-A08B-4BA0-8181-BFE525C14C8A}.Release|Any CPU.ActiveCfg = Release|Any CPU
		{782EA77F-A08B-4BA0-8181-BFE525C14C8A}.Release|Any CPU.Build.0 = Release|Any CPU
	EndGlobalSection
EndGlobal
